
Microsoft Visual Studio Solution File, Format Version 12.00
# Visual Studio Version 16
VisualStudioVersion = 16.0.30804.86
MinimumVisualStudioVersion = 10.0.40219.1
Project("{FAE04EC0-301F-11D3-BF4B-00C04F79EFBC}") = "Group5_PBL", "Group5_PBL.csproj", "{09A40D74-BF86-4E6C-902B-1A1319E793CA}"
EndProject
Global
	GlobalSection(SolutionConfigurationPlatforms) = preSolution
		Debug|Any CPU = Debug|Any CPU
		Release|Any CPU = Release|Any CPU
	EndGlobalSection
	GlobalSection(ProjectConfigurationPlatforms) = postSolution
		{09A40D74-BF86-4E6C-902B-1A1319E793CA}.Debug|Any CPU.ActiveCfg = Debug|Any CPU
		{09A40D74-BF86-4E6C-902B-1A1319E793CA}.Debug|Any CPU.Build.0 = Debug|Any CPU
		{09A40D74-BF86-4E6C-902B-1A1319E793CA}.Release|Any CPU.ActiveCfg = Release|Any CPU
		{09A40D74-BF86-4E6C-902B-1A1319E793CA}.Release|Any CPU.Build.0 = Release|Any CPU
	EndGlobalSection
	GlobalSection(SolutionProperties) = preSolution
		HideSolutionNode = FALSE
	EndGlobalSection
	GlobalSection(ExtensibilityGlobals) = postSolution
		SolutionGuid = {16BF6A75-E261-41EA-81C9-F33930808CF0}
	EndGlobalSection
EndGlobal
